GEM
  remote: https://rubygems.org/
  specs:
    date (3.1.1)
    filewatcher (1.1.1)
      optimist (~> 3.0)
    mail (2.7.1)
      mini_mime (>= 0.1.1)
    mini_mime (1.1.0)
    mini_portile2 (2.5.3)
    nokogiri (1.11.7)
      mini_portile2 (~> 2.5.0)
      racc (~> 1.4)
    optimist (3.0.1)
    racc (1.5.2)

PLATFORMS
  ruby

DEPENDENCIES
  date
  filewatcher
  mail
  nokogiri

BUNDLED WITH
   2.1.4
