GEM
  remote: https://rubygems.org/
  specs:
    date (3.1.1)
    mail (2.7.1)
      mini_mime (>= 0.1.1)
    mini_mime (1.1.0)
    mini_portile2 (2.5.3)
    nokogiri (1.11.7)
      mini_portile2 (~> 2.5.0)
      racc (~> 1.4)
    racc (1.5.2)
    thor (1.1.0)

PLATFORMS
  ruby

DEPENDENCIES
  date
  mail
  nokogiri
  thor (~> 1.1)

BUNDLED WITH
   2.1.4
